{"1.2.0",
[{<<"cowlib">>,{pkg,<<"cowlib">>,<<"2.12.1">>},1},
 {<<"qdate_localtime">>,{pkg,<<"qdate_localtime">>,<<"1.2.0">>},0},
 {<<"ssl_verify_fun">>,{pkg,<<"ssl_verify_fun">>,<<"1.1.7">>},2},
 {<<"tls_certificate_check">>,
  {pkg,<<"tls_certificate_check">>,<<"1.20.0">>},
  1},
 {<<"zotonic_stdlib">>,{pkg,<<"zotonic_stdlib">>,<<"1.15.0">>},0}]}.
[
{pkg_hash,[
 {<<"cowlib">>, <<"A9FA9A625F1D2025FE6B462CB865881329B5CAFF8F1854D1CBC9F9533F00E1E1">>},
 {<<"qdate_localtime">>, <<"644ADE4C7F7EAC765E2048DFA714D78EA86BAF5255FE46279B2EAC5729760A07">>},
 {<<"ssl_verify_fun">>, <<"354C321CF377240C7B8716899E182CE4890C5938111A1296ADD3EC74CF1715DF">>},
 {<<"tls_certificate_check">>, <<"1AC0C53F95E201FEB8D398EF9D764AE74175231289D89F166BA88A7F50CD8E73">>},
 {<<"zotonic_stdlib">>, <<"0876BB82B9CFDE331DC758C8A7818181BB5654F137723DF137DE53C25AD3DD1D">>}]},
{pkg_hash_ext,[
 {<<"cowlib">>, <<"163B73F6367A7341B33C794C4E88E7DBFE6498AC42DCD69EF44C5BC5507C8DB0">>},
 {<<"qdate_localtime">>, <<"98A538A5B6046B8652DFC5630B030D0414A1B31D0130C81FA6B88B5C1E625109">>},
 {<<"ssl_verify_fun">>, <<"FE4C190E8F37401D30167C8C405EDA19469F34577987C76DDE613E838BBC67F8">>},
 {<<"tls_certificate_check">>, <<"AB57B74B1A63DC5775650699A3EC032EC0065005EFF1F020818742B7312A8426">>},
 {<<"zotonic_stdlib">>, <<"1864A96F2B5AE278DC52607F89CC90BF492713E7C3AC8EADDC1BA863E06E5921">>}]}
].
